// !$*UTF8*$!
{
	archiveVersion = 1;
	classes = {
	};
	objectVersion = 56;
	objects = {

/* Begin PBXBuildFile section */
		DC27D3522902BE2C00E35AD0 /* AppDelegate.swift in Sources */ = {isa = PBXBuildFile; fileRef = DC27D3512902BE2C00E35AD0 /* AppDelegate.swift */; };
		DC27D3542902BE2C00E35AD0 /* SceneDelegate.swift in Sources */ = {isa = PBXBuildFile; fileRef = DC27D3532902BE2C00E35AD0 /* SceneDelegate.swift */; };
		DC27D3562902BE2C00E35AD0 /* RegistrationViewController.swift in Sources */ = {isa = PBXBuildFile; fileRef = DC27D3552902BE2C00E35AD0 /* RegistrationViewController.swift */; };
		DC27D35B2902BE2E00E35AD0 /* Assets.xcassets in Resources */ = {isa = PBXBuildFile; fileRef = DC27D35A2902BE2E00E35AD0 /* Assets.xcassets */; };
		DC27D35E2902BE2E00E35AD0 /* LaunchScreen.storyboard in Resources */ = {isa = PBXBuildFile; fileRef = DC27D35C2902BE2E00E35AD0 /* LaunchScreen.storyboard */; };
		DC27D36C2904571C00E35AD0 /* UIView+constraints.swift in Sources */ = {isa = PBXBuildFile; fileRef = DC27D36B2904571C00E35AD0 /* UIView+constraints.swift */; };
		DC54186029083FA800D727BC /* Colors.swift in Sources */ = {isa = PBXBuildFile; fileRef = DC54185F29083FA800D727BC /* Colors.swift */; };
		DC5418622908412300D727BC /* Fonts.swift in Sources */ = {isa = PBXBuildFile; fileRef = DC5418612908412300D727BC /* Fonts.swift */; };
		DC541866290844A600D727BC /* RegistrationUITextField.swift in Sources */ = {isa = PBXBuildFile; fileRef = DC541865290844A600D727BC /* RegistrationUITextField.swift */; };
		DC7F042A290D55D80082A76F /* RegistrationSeparatorUIView.swift in Sources */ = {isa = PBXBuildFile; fileRef = DC7F0429290D55D80082A76F /* RegistrationSeparatorUIView.swift */; };
		DC7F042C290D67290082A76F /* UIView+addingSubviews.swift in Sources */ = {isa = PBXBuildFile; fileRef = DC7F042B290D67290082A76F /* UIView+addingSubviews.swift */; };
		DC7F042E290D68EC0082A76F /* UIStackView+addingArrangedSubviews.swift in Sources */ = {isa = PBXBuildFile; fileRef = DC7F042D290D68EC0082A76F /* UIStackView+addingArrangedSubviews.swift */; };
		DCD53BD42909453B002F36E2 /* RegistrationUILabel.swift in Sources */ = {isa = PBXBuildFile; fileRef = DCD53BD32909453B002F36E2 /* RegistrationUILabel.swift */; };
		DCD53BD629097960002F36E2 /* UIView+gradient.swift in Sources */ = {isa = PBXBuildFile; fileRef = DCD53BD529097960002F36E2 /* UIView+gradient.swift */; };
		DCD53BD9290C45C0002F36E2 /* GradientUIButton.swift in Sources */ = {isa = PBXBuildFile; fileRef = DCD53BD8290C45C0002F36E2 /* GradientUIButton.swift */; };
/* End PBXBuildFile section */

/* Begin PBXFileReference section */
		DC27D34E2902BE2C00E35AD0 /* RegistrationForm.app */ = {isa = PBXFileReference; explicitFileType = wrapper.application; includeInIndex = 0; path = RegistrationForm.app; sourceTree = BUILT_PRODUCTS_DIR; };
		DC27D3512902BE2C00E35AD0 /* AppDelegate.swift */ = {isa = PBXFileReference; lastKnownFileType = sourcecode.swift; path = AppDelegate.swift; sourceTree = "<group>"; };
		DC27D3532902BE2C00E35AD0 /* SceneDelegate.swift */ = {isa = PBXFileReference; lastKnownFileType = sourcecode.swift; path = SceneDelegate.swift; sourceTree = "<group>"; };
		DC27D3552902BE2C00E35AD0 /* RegistrationViewController.swift */ = {isa = PBXFileReference; lastKnownFileType = sourcecode.swift; path = RegistrationViewController.swift; sourceTree = "<group>"; };
		DC27D35A2902BE2E00E35AD0 /* Assets.xcassets */ = {isa = PBXFileReference; lastKnownFileType = folder.assetcatalog; path = Assets.xcassets; sourceTree = "<group>"; };
		DC27D35D2902BE2E00E35AD0 /* Base */ = {isa = PBXFileReference; lastKnownFileType = file.storyboard; name = Base; path = Base.lproj/LaunchScreen.storyboard; sourceTree = "<group>"; };
		DC27D35F2902BE2E00E35AD0 /* Info.plist */ = {isa = PBXFileReference; lastKnownFileType = text.plist.xml; path = Info.plist; sourceTree = "<group>"; };
		DC27D36B2904571C00E35AD0 /* UIView+constraints.swift */ = {isa = PBXFileReference; fileEncoding = 4; lastKnownFileType = sourcecode.swift; path = "UIView+constraints.swift"; sourceTree = "<group>"; };
		DC54185F29083FA800D727BC /* Colors.swift */ = {isa = PBXFileReference; lastKnownFileType = sourcecode.swift; path = Colors.swift; sourceTree = "<group>"; };
		DC5418612908412300D727BC /* Fonts.swift */ = {isa = PBXFileReference; lastKnownFileType = sourcecode.swift; path = Fonts.swift; sourceTree = "<group>"; };
		DC541865290844A600D727BC /* RegistrationUITextField.swift */ = {isa = PBXFileReference; lastKnownFileType = sourcecode.swift; path = RegistrationUITextField.swift; sourceTree = "<group>"; };
		DC7F0429290D55D80082A76F /* RegistrationSeparatorUIView.swift */ = {isa = PBXFileReference; lastKnownFileType = sourcecode.swift; path = RegistrationSeparatorUIView.swift; sourceTree = "<group>"; };
		DC7F042B290D67290082A76F /* UIView+addingSubviews.swift */ = {isa = PBXFileReference; lastKnownFileType = sourcecode.swift; path = "UIView+addingSubviews.swift"; sourceTree = "<group>"; };
		DC7F042D290D68EC0082A76F /* UIStackView+addingArrangedSubviews.swift */ = {isa = PBXFileReference; lastKnownFileType = sourcecode.swift; path = "UIStackView+addingArrangedSubviews.swift"; sourceTree = "<group>"; };
		DCD53BD32909453B002F36E2 /* RegistrationUILabel.swift */ = {isa = PBXFileReference; lastKnownFileType = sourcecode.swift; path = RegistrationUILabel.swift; sourceTree = "<group>"; };
		DCD53BD529097960002F36E2 /* UIView+gradient.swift */ = {isa = PBXFileReference; lastKnownFileType = sourcecode.swift; path = "UIView+gradient.swift"; sourceTree = "<group>"; };
		DCD53BD8290C45C0002F36E2 /* GradientUIButton.swift */ = {isa = PBXFileReference; lastKnownFileType = sourcecode.swift; path = GradientUIButton.swift; sourceTree = "<group>"; };
/* End PBXFileReference section */

/* Begin PBXFrameworksBuildPhase section */
		DC27D34B2902BE2C00E35AD0 /* Frameworks */ = {
			isa = PBXFrameworksBuildPhase;
			buildActionMask = 2147483647;
			files = (
			);
			runOnlyForDeploymentPostprocessing = 0;
		};
/* End PBXFrameworksBuildPhase section */

/* Begin PBXGroup section */
		DC27D3452902BE2C00E35AD0 = {
			isa = PBXGroup;
			children = (
				DC27D3502902BE2C00E35AD0 /* RegistrationForm */,
				DC27D34F2902BE2C00E35AD0 /* Products */,
			);
			sourceTree = "<group>";
		};
		DC27D34F2902BE2C00E35AD0 /* Products */ = {
			isa = PBXGroup;
			children = (
				DC27D34E2902BE2C00E35AD0 /* RegistrationForm.app */,
			);
			name = Products;
			sourceTree = "<group>";
		};
		DC27D3502902BE2C00E35AD0 /* RegistrationForm */ = {
			isa = PBXGroup;
			children = (
				DC27D3682902D05100E35AD0 /* Assets */,
				DC27D3662902D03200E35AD0 /* Controllers */,
				DC5418632908447300D727BC /* Custom */,
				DC27D3652902D01900E35AD0 /* Delegates */,
				DC27D36A2904570300E35AD0 /* Extensions */,
				DC27D35F2902BE2E00E35AD0 /* Info.plist */,
				DC27D3672902D04200E35AD0 /* Storyboards */,
			);
			path = RegistrationForm;
			sourceTree = "<group>";
		};
		DC27D3652902D01900E35AD0 /* Delegates */ = {
			isa = PBXGroup;
			children = (
				DC27D3512902BE2C00E35AD0 /* AppDelegate.swift */,
				DC27D3532902BE2C00E35AD0 /* SceneDelegate.swift */,
			);
			path = Delegates;
			sourceTree = "<group>";
		};
		DC27D3662902D03200E35AD0 /* Controllers */ = {
			isa = PBXGroup;
			children = (
				DC27D3552902BE2C00E35AD0 /* RegistrationViewController.swift */,
			);
			path = Controllers;
			sourceTree = "<group>";
		};
		DC27D3672902D04200E35AD0 /* Storyboards */ = {
			isa = PBXGroup;
			children = (
				DC27D35C2902BE2E00E35AD0 /* LaunchScreen.storyboard */,
			);
			path = Storyboards;
			sourceTree = "<group>";
		};
		DC27D3682902D05100E35AD0 /* Assets */ = {
			isa = PBXGroup;
			children = (
				DC27D35A2902BE2E00E35AD0 /* Assets.xcassets */,
				DC54185F29083FA800D727BC /* Colors.swift */,
				DC5418612908412300D727BC /* Fonts.swift */,
			);
			path = Assets;
			sourceTree = "<group>";
		};
		DC27D36A2904570300E35AD0 /* Extensions */ = {
			isa = PBXGroup;
			children = (
				DC27D36B2904571C00E35AD0 /* UIView+constraints.swift */,
				DCD53BD529097960002F36E2 /* UIView+gradient.swift */,
				DC7F042B290D67290082A76F /* UIView+addingSubviews.swift */,
				DC7F042D290D68EC0082A76F /* UIStackView+addingArrangedSubviews.swift */,
			);
			path = Extensions;
			sourceTree = "<group>";
		};
		DC5418632908447300D727BC /* Custom */ = {
			isa = PBXGroup;
			children = (
				DCD53BD7290C459E002F36E2 /* UIButton */,
				DCD53BD22909451D002F36E2 /* UILabel */,
				DC5418642908448700D727BC /* UITextField */,
				DC7F0428290D55A30082A76F /* UIView */,
			);
			path = Custom;
			sourceTree = "<group>";
		};
		DC5418642908448700D727BC /* UITextField */ = {
			isa = PBXGroup;
			children = (
				DC541865290844A600D727BC /* RegistrationUITextField.swift */,
			);
			path = UITextField;
			sourceTree = "<group>";
		};
		DC7F0428290D55A30082A76F /* UIView */ = {
			isa = PBXGroup;
			children = (
				DC7F0429290D55D80082A76F /* RegistrationSeparatorUIView.swift */,
			);
			path = UIView;
			sourceTree = "<group>";
		};
		DCD53BD22909451D002F36E2 /* UILabel */ = {
			isa = PBXGroup;
			children = (
				DCD53BD32909453B002F36E2 /* RegistrationUILabel.swift */,
			);
			path = UILabel;
			sourceTree = "<group>";
		};
		DCD53BD7290C459E002F36E2 /* UIButton */ = {
			isa = PBXGroup;
			children = (
				DCD53BD8290C45C0002F36E2 /* GradientUIButton.swift */,
			);
			path = UIButton;
			sourceTree = "<group>";
		};
/* End PBXGroup section */

/* Begin PBXNativeTarget section */
		DC27D34D2902BE2C00E35AD0 /* RegistrationForm */ = {
			isa = PBXNativeTarget;
			buildConfigurationList = DC27D3622902BE2E00E35AD0 /* Build configuration list for PBXNativeTarget "RegistrationForm" */;
			buildPhases = (
				DC27D34A2902BE2C00E35AD0 /* Sources */,
				DC27D34B2902BE2C00E35AD0 /* Frameworks */,
				DC27D34C2902BE2C00E35AD0 /* Resources */,
				DC27D3692902EC2C00E35AD0 /* ShellScript */,
			);
			buildRules = (
			);
			dependencies = (
			);
			name = RegistrationForm;
			productName = RegistrationForm;
			productReference = DC27D34E2902BE2C00E35AD0 /* RegistrationForm.app */;
			productType = "com.apple.product-type.application";
		};
/* End PBXNativeTarget section */

/* Begin PBXProject section */
		DC27D3462902BE2C00E35AD0 /* Project object */ = {
			isa = PBXProject;
			attributes = {
				BuildIndependentTargetsInParallel = 1;
				LastSwiftUpdateCheck = 1400;
				LastUpgradeCheck = 1400;
				TargetAttributes = {
					DC27D34D2902BE2C00E35AD0 = {
						CreatedOnToolsVersion = 14.0.1;
					};
				};
			};
			buildConfigurationList = DC27D3492902BE2C00E35AD0 /* Build configuration list for PBXProject "RegistrationForm" */;
			compatibilityVersion = "Xcode 14.0";
			developmentRegion = en;
			hasScannedForEncodings = 0;
			knownRegions = (
				en,
				Base,
			);
			mainGroup = DC27D3452902BE2C00E35AD0;
			productRefGroup = DC27D34F2902BE2C00E35AD0 /* Products */;
			projectDirPath = "";
			projectRoot = "";
			targets = (
				DC27D34D2902BE2C00E35AD0 /* RegistrationForm */,
			);
		};
/* End PBXProject section */

/* Begin PBXResourcesBuildPhase section */
		DC27D34C2902BE2C00E35AD0 /* Resources */ = {
			isa = PBXResourcesBuildPhase;
			buildActionMask = 2147483647;
			files = (
				DC27D35E2902BE2E00E35AD0 /* LaunchScreen.storyboard in Resources */,
				DC27D35B2902BE2E00E35AD0 /* Assets.xcassets in Resources */,
			);
			runOnlyForDeploymentPostprocessing = 0;
		};
/* End PBXResourcesBuildPhase section */

/* Begin PBXShellScriptBuildPhase section */
		DC27D3692902EC2C00E35AD0 /* ShellScript */ = {
			isa = PBXShellScriptBuildPhase;
			buildActionMask = 2147483647;
			files = (
			);
			inputFileListPaths = (
			);
			inputPaths = (
			);
			outputFileListPaths = (
			);
			outputPaths = (
			);
			runOnlyForDeploymentPostprocessing = 0;
			shellPath = /bin/sh;
			shellScript = "if test -d \"/opt/homebrew/bin/\"; then\n  PATH=\"/opt/homebrew/bin/:${PATH}\"\nfi\n\nexport PATH\n\nif which swiftlint >/dev/null; then\n  swiftlint\nelse\n  echo \"warning: SwiftLint not installed, download from https://github.com/realm/SwiftLint\"\nfi\n";
		};
/* End PBXShellScriptBuildPhase section */

/* Begin PBXSourcesBuildPhase section */
		DC27D34A2902BE2C00E35AD0 /* Sources */ = {
			isa = PBXSourcesBuildPhase;
			buildActionMask = 2147483647;
			files = (
				DC7F042A290D55D80082A76F /* RegistrationSeparatorUIView.swift in Sources */,
				DCD53BD9290C45C0002F36E2 /* GradientUIButton.swift in Sources */,
				DC27D3562902BE2C00E35AD0 /* RegistrationViewController.swift in Sources */,
				DC54186029083FA800D727BC /* Colors.swift in Sources */,
				DC27D3522902BE2C00E35AD0 /* AppDelegate.swift in Sources */,
				DC7F042C290D67290082A76F /* UIView+addingSubviews.swift in Sources */,
				DC27D3542902BE2C00E35AD0 /* SceneDelegate.swift in Sources */,
				DC5418622908412300D727BC /* Fonts.swift in Sources */,
				DCD53BD42909453B002F36E2 /* RegistrationUILabel.swift in Sources */,
				DC27D36C2904571C00E35AD0 /* UIView+constraints.swift in Sources */,
				DC541866290844A600D727BC /* RegistrationUITextField.swift in Sources */,
				DC7F042E290D68EC0082A76F /* UIStackView+addingArrangedSubviews.swift in Sources */,
				DCD53BD629097960002F36E2 /* UIView+gradient.swift in Sources */,
			);
			runOnlyForDeploymentPostprocessing = 0;
		};
/* End PBXSourcesBuildPhase section */

/* Begin PBXVariantGroup section */
		DC27D35C2902BE2E00E35AD0 /* LaunchScreen.storyboard */ = {
			isa = PBXVariantGroup;
			children = (
				DC27D35D2902BE2E00E35AD0 /* Base */,
			);
			name = LaunchScreen.storyboard;
			sourceTree = "<group>";
		};
/* End PBXVariantGroup section */

/* Begin XCBuildConfiguration section */
		DC27D3602902BE2E00E35AD0 /* Debug */ = {
			isa = XCBuildConfiguration;
			buildSettings = {
				ALWAYS_SEARCH_USER_PATHS = NO;
				CLANG_ANALYZER_NONNULL = YES;
				CLANG_ANALYZER_NUMBER_OBJECT_CONVERSION = YES_AGGRESSIVE;
				CLANG_CXX_LANGUAGE_STANDARD = "gnu++20";
				CLANG_ENABLE_MODULES = YES;
				CLANG_ENABLE_OBJC_ARC = YES;
				CLANG_ENABLE_OBJC_WEAK = YES;
				CLANG_WARN_BLOCK_CAPTURE_AUTORELEASING = YES;
				CLANG_WARN_BOOL_CONVERSION = YES;
				CLANG_WARN_COMMA = YES;
				CLANG_WARN_CONSTANT_CONVERSION = YES;
				CLANG_WARN_DEPRECATED_OBJC_IMPLEMENTATIONS = YES;
				CLANG_WARN_DIRECT_OBJC_ISA_USAGE = YES_ERROR;
				CLANG_WARN_DOCUMENTATION_COMMENTS = YES;
				CLANG_WARN_EMPTY_BODY = YES;
				CLANG_WARN_ENUM_CONVERSION = YES;
				CLANG_WARN_INFINITE_RECURSION = YES;
				CLANG_WARN_INT_CONVERSION = YES;
				CLANG_WARN_NON_LITERAL_NULL_CONVERSION = YES;
				CLANG_WARN_OBJC_IMPLICIT_RETAIN_SELF = YES;
				CLANG_WARN_OBJC_LITERAL_CONVERSION = YES;
				CLANG_WARN_OBJC_ROOT_CLASS = YES_ERROR;
				CLANG_WARN_QUOTED_INCLUDE_IN_FRAMEWORK_HEADER = YES;
				CLANG_WARN_RANGE_LOOP_ANALYSIS = YES;
				CLANG_WARN_STRICT_PROTOTYPES = YES;
				CLANG_WARN_SUSPICIOUS_MOVE = YES;
				CLANG_WARN_UNGUARDED_AVAILABILITY = YES_AGGRESSIVE;
				CLANG_WARN_UNREACHABLE_CODE = YES;
				CLANG_WARN__DUPLICATE_METHOD_MATCH = YES;
				COPY_PHASE_STRIP = NO;
				DEBUG_INFORMATION_FORMAT = dwarf;
				ENABLE_STRICT_OBJC_MSGSEND = YES;
				ENABLE_TESTABILITY = YES;
				GCC_C_LANGUAGE_STANDARD = gnu11;
				GCC_DYNAMIC_NO_PIC = NO;
				GCC_NO_COMMON_BLOCKS = YES;
				GCC_OPTIMIZATION_LEVEL = 0;
				GCC_PREPROCESSOR_DEFINITIONS = (
					"DEBUG=1",
					"$(inherited)",
				);
				GCC_WARN_64_TO_32_BIT_CONVERSION = YES;
				GCC_WARN_ABOUT_RETURN_TYPE = YES_ERROR;
				GCC_WARN_UNDECLARED_SELECTOR = YES;
				GCC_WARN_UNINITIALIZED_AUTOS = YES_AGGRESSIVE;
				GCC_WARN_UNUSED_FUNCTION = YES;
				GCC_WARN_UNUSED_VARIABLE = YES;
				IPHONEOS_DEPLOYMENT_TARGET = 16.0;
				MTL_ENABLE_DEBUG_INFO = INCLUDE_SOURCE;
				MTL_FAST_MATH = YES;
				ONLY_ACTIVE_ARCH = YES;
				SDKROOT = iphoneos;
				SWIFT_ACTIVE_COMPILATION_CONDITIONS = DEBUG;
				SWIFT_OPTIMIZATION_LEVEL = "-Onone";
			};
			name = Debug;
		};
		DC27D3612902BE2E00E35AD0 /* Release */ = {
			isa = XCBuildConfiguration;
			buildSettings = {
				ALWAYS_SEARCH_USER_PATHS = NO;
				CLANG_ANALYZER_NONNULL = YES;
				CLANG_ANALYZER_NUMBER_OBJECT_CONVERSION = YES_AGGRESSIVE;
				CLANG_CXX_LANGUAGE_STANDARD = "gnu++20";
				CLANG_ENABLE_MODULES = YES;
				CLANG_ENABLE_OBJC_ARC = YES;
				CLANG_ENABLE_OBJC_WEAK = YES;
				CLANG_WARN_BLOCK_CAPTURE_AUTORELEASING = YES;
				CLANG_WARN_BOOL_CONVERSION = YES;
				CLANG_WARN_COMMA = YES;
				CLANG_WARN_CONSTANT_CONVERSION = YES;
				CLANG_WARN_DEPRECATED_OBJC_IMPLEMENTATIONS = YES;
				CLANG_WARN_DIRECT_OBJC_ISA_USAGE = YES_ERROR;
				CLANG_WARN_DOCUMENTATION_COMMENTS = YES;
				CLANG_WARN_EMPTY_BODY = YES;
				CLANG_WARN_ENUM_CONVERSION = YES;
				CLANG_WARN_INFINITE_RECURSION = YES;
				CLANG_WARN_INT_CONVERSION = YES;
				CLANG_WARN_NON_LITERAL_NULL_CONVERSION = YES;
				CLANG_WARN_OBJC_IMPLICIT_RETAIN_SELF = YES;
				CLANG_WARN_OBJC_LITERAL_CONVERSION = YES;
				CLANG_WARN_OBJC_ROOT_CLASS = YES_ERROR;
				CLANG_WARN_QUOTED_INCLUDE_IN_FRAMEWORK_HEADER = YES;
				CLANG_WARN_RANGE_LOOP_ANALYSIS = YES;
				CLANG_WARN_STRICT_PROTOTYPES = YES;
				CLANG_WARN_SUSPICIOUS_MOVE = YES;
				CLANG_WARN_UNGUARDED_AVAILABILITY = YES_AGGRESSIVE;
				CLANG_WARN_UNREACHABLE_CODE = YES;
				CLANG_WARN__DUPLICATE_METHOD_MATCH = YES;
				COPY_PHASE_STRIP = NO;
				DEBUG_INFORMATION_FORMAT = "dwarf-with-dsym";
				ENABLE_NS_ASSERTIONS = NO;
				ENABLE_STRICT_OBJC_MSGSEND = YES;
				GCC_C_LANGUAGE_STANDARD = gnu11;
				GCC_NO_COMMON_BLOCKS = YES;
				GCC_WARN_64_TO_32_BIT_CONVERSION = YES;
				GCC_WARN_ABOUT_RETURN_TYPE = YES_ERROR;
				GCC_WARN_UNDECLARED_SELECTOR = YES;
				GCC_WARN_UNINITIALIZED_AUTOS = YES_AGGRESSIVE;
				GCC_WARN_UNUSED_FUNCTION = YES;
				GCC_WARN_UNUSED_VARIABLE = YES;
				IPHONEOS_DEPLOYMENT_TARGET = 16.0;
				MTL_ENABLE_DEBUG_INFO = NO;
				MTL_FAST_MATH = YES;
				SDKROOT = iphoneos;
				SWIFT_COMPILATION_MODE = wholemodule;
				SWIFT_OPTIMIZATION_LEVEL = "-O";
				VALIDATE_PRODUCT = YES;
			};
			name = Release;
		};
		DC27D3632902BE2E00E35AD0 /* Debug */ = {
			isa = XCBuildConfiguration;
			buildSettings = {
				ASSETCATALOG_COMPILER_APPICON_NAME = AppIcon;
				ASSETCATALOG_COMPILER_GLOBAL_ACCENT_COLOR_NAME = AccentColor;
				CODE_SIGN_STYLE = Automatic;
				CURRENT_PROJECT_VERSION = 1;
				DEVELOPMENT_TEAM = 88RH8RT76F;
				GENERATE_INFOPLIST_FILE = YES;
				INFOPLIST_FILE = RegistrationForm/Info.plist;
				INFOPLIST_KEY_UIApplicationSupportsIndirectInputEvents = YES;
				INFOPLIST_KEY_UILaunchStoryboardName = LaunchScreen;
				INFOPLIST_KEY_UISupportedInterfaceOrientations = UIInterfaceOrientationPortrait;
				INFOPLIST_KEY_UISupportedInterfaceOrientations_iPad = "UIInterfaceOrientationLandscapeLeft UIInterfaceOrientationLandscapeRight UIInterfaceOrientationPortrait UIInterfaceOrientationPortraitUpsideDown";
				LD_RUNPATH_SEARCH_PATHS = (
					"$(inherited)",
					"@executable_path/Frameworks",
				);
				MARKETING_VERSION = 1.0;
				PRODUCT_BUNDLE_IDENTIFIER = AnatoliStepanuke.RegistrationForm;
				PRODUCT_NAME = "$(TARGET_NAME)";
				SUPPORTED_PLATFORMS = "iphoneos iphonesimulator";
				SUPPORTS_MACCATALYST = NO;
				SUPPORTS_MAC_DESIGNED_FOR_IPHONE_IPAD = NO;
				SWIFT_EMIT_LOC_STRINGS = YES;
				SWIFT_VERSION = 5.0;
				TARGETED_DEVICE_FAMILY = 1;
			};
			name = Debug;
		};
		DC27D3642902BE2E00E35AD0 /* Release */ = {
			isa = XCBuildConfiguration;
			buildSettings = {
				ASSETCATALOG_COMPILER_APPICON_NAME = AppIcon;
				ASSETCATALOG_COMPILER_GLOBAL_ACCENT_COLOR_NAME = AccentColor;
				CODE_SIGN_STYLE = Automatic;
				CURRENT_PROJECT_VERSION = 1;
				DEVELOPMENT_TEAM = 88RH8RT76F;
				GENERATE_INFOPLIST_FILE = YES;
				INFOPLIST_FILE = RegistrationForm/Info.plist;
				INFOPLIST_KEY_UIApplicationSupportsIndirectInputEvents = YES;
				INFOPLIST_KEY_UILaunchStoryboardName = LaunchScreen;
				INFOPLIST_KEY_UISupportedInterfaceOrientations = UIInterfaceOrientationPortrait;
				INFOPLIST_KEY_UISupportedInterfaceOrientations_iPad = "UIInterfaceOrientationLandscapeLeft UIInterfaceOrientationLandscapeRight UIInterfaceOrientationPortrait UIInterfaceOrientationPortraitUpsideDown";
				LD_RUNPATH_SEARCH_PATHS = (
					"$(inherited)",
					"@executable_path/Frameworks",
				);
				MARKETING_VERSION = 1.0;
				PRODUCT_BUNDLE_IDENTIFIER = AnatoliStepanuke.RegistrationForm;
				PRODUCT_NAME = "$(TARGET_NAME)";
				SUPPORTED_PLATFORMS = "iphoneos iphonesimulator";
				SUPPORTS_MACCATALYST = NO;
				SUPPORTS_MAC_DESIGNED_FOR_IPHONE_IPAD = NO;
				SWIFT_EMIT_LOC_STRINGS = YES;
				SWIFT_VERSION = 5.0;
				TARGETED_DEVICE_FAMILY = 1;
			};
			name = Release;
		};
/* End XCBuildConfiguration section */

/* Begin XCConfigurationList section */
		DC27D3492902BE2C00E35AD0 /* Build configuration list for PBXProject "RegistrationForm" */ = {
			isa = XCConfigurationList;
			buildConfigurations = (
				DC27D3602902BE2E00E35AD0 /* Debug */,
				DC27D3612902BE2E00E35AD0 /* Release */,
			);
			defaultConfigurationIsVisible = 0;
			defaultConfigurationName = Release;
		};
		DC27D3622902BE2E00E35AD0 /* Build configuration list for PBXNativeTarget "RegistrationForm" */ = {
			isa = XCConfigurationList;
			buildConfigurations = (
				DC27D3632902BE2E00E35AD0 /* Debug */,
				DC27D3642902BE2E00E35AD0 /* Release */,
			);
			defaultConfigurationIsVisible = 0;
			defaultConfigurationName = Release;
		};
/* End XCConfigurationList section */
	};
	rootObject = DC27D3462902BE2C00E35AD0 /* Project object */;
}
